// !$*UTF8*$!
{
	archiveVersion = 1;
	classes = {
	};
	objectVersion = 46;
	objects = {

/* Begin PBXBuildFile section */
		AF2582D21D8294A400F1B496 /* main.c in Sources */ = {isa = PBXBuildFile; fileRef = AF2582D11D8294A400F1B496 /* main.c */; };
		AF2582DA1D87B0D800F1B496 /* HandyCypher.c in Sources */ = {isa = PBXBuildFile; fileRef = AF2582D81D87B0D800F1B496 /* HandyCypher.c */; };
		AF2582E61D87B43400F1B496 /* HCCracker.c in Sources */ = {isa = PBXBuildFile; fileRef = AF2582E41D87B43400F1B496 /* HCCracker.c */; };
		AF2582F01D8FC27A00F1B496 /* HCKeyGen.c in Sources */ = {isa = PBXBuildFile; fileRef = AF2582EE1D8FC27A00F1B496 /* HCKeyGen.c */; };
/* End PBXBuildFile section */

/* Begin PBXCopyFilesBuildPhase section */
		AF2582CC1D8294A400F1B496 /* CopyFiles */ = {
			isa = PBXCopyFilesBuildPhase;
			buildActionMask = 2147483647;
			dstPath = /usr/share/man/man1/;
			dstSubfolderSpec = 0;
			files = (
			);
			runOnlyForDeploymentPostprocessing = 1;
		};
/* End PBXCopyFilesBuildPhase section */

/* Begin PBXFileReference section */
		AF2582CE1D8294A400F1B496 /* HandyCipher */ = {isa = PBXFileReference; explicitFileType = "compiled.mach-o.executable"; includeInIndex = 0; path = HandyCipher; sourceTree = BUILT_PRODUCTS_DIR; };
		AF2582D11D8294A400F1B496 /* main.c */ = {isa = PBXFileReference; lastKnownFileType = sourcecode.c.c; path = main.c; sourceTree = "<group>"; };
		AF2582D81D87B0D800F1B496 /* HandyCypher.c */ = {isa = PBXFileReference; fileEncoding = 4; lastKnownFileType = sourcecode.c.c; path = HandyCypher.c; sourceTree = "<group>"; };
		AF2582D91D87B0D800F1B496 /* HandyCypher.h */ = {isa = PBXFileReference; fileEncoding = 4; lastKnownFileType = sourcecode.c.h; path = HandyCypher.h; sourceTree = "<group>"; };
		AF2582E41D87B43400F1B496 /* HCCracker.c */ = {isa = PBXFileReference; fileEncoding = 4; lastKnownFileType = sourcecode.c.c; path = HCCracker.c; sourceTree = "<group>"; };
		AF2582E51D87B43400F1B496 /* HCCracker.h */ = {isa = PBXFileReference; fileEncoding = 4; lastKnownFileType = sourcecode.c.h; path = HCCracker.h; sourceTree = "<group>"; };
		AF2582EE1D8FC27A00F1B496 /* HCKeyGen.c */ = {isa = PBXFileReference; fileEncoding = 4; lastKnownFileType = sourcecode.c.c; path = HCKeyGen.c; sourceTree = "<group>"; };
		AF2582EF1D8FC27A00F1B496 /* HCKeyGen.h */ = {isa = PBXFileReference; fileEncoding = 4; lastKnownFileType = sourcecode.c.h; path = HCKeyGen.h; sourceTree = "<group>"; };
/* End PBXFileReference section */

/* Begin PBXFrameworksBuildPhase section */
		AF2582CB1D8294A400F1B496 /* Frameworks */ = {
			isa = PBXFrameworksBuildPhase;
			buildActionMask = 2147483647;
			files = (
			);
			runOnlyForDeploymentPostprocessing = 0;
		};
/* End PBXFrameworksBuildPhase section */

/* Begin PBXGroup section */
		AF2582C51D8294A400F1B496 = {
			isa = PBXGroup;
			children = (
				AF2582D01D8294A400F1B496 /* HandyCipher */,
				AF2582CF1D8294A400F1B496 /* Products */,
			);
			sourceTree = "<group>";
		};
		AF2582CF1D8294A400F1B496 /* Products */ = {
			isa = PBXGroup;
			children = (
				AF2582CE1D8294A400F1B496 /* HandyCipher */,
			);
			name = Products;
			sourceTree = "<group>";
		};
		AF2582D01D8294A400F1B496 /* HandyCipher */ = {
			isa = PBXGroup;
			children = (
				AF2582D11D8294A400F1B496 /* main.c */,
				AF2582D81D87B0D800F1B496 /* HandyCypher.c */,
				AF2582D91D87B0D800F1B496 /* HandyCypher.h */,
				AF2582E41D87B43400F1B496 /* HCCracker.c */,
				AF2582E51D87B43400F1B496 /* HCCracker.h */,
				AF2582EE1D8FC27A00F1B496 /* HCKeyGen.c */,
				AF2582EF1D8FC27A00F1B496 /* HCKeyGen.h */,
			);
			path = HandyCipher;
			sourceTree = "<group>";
		};
/* End PBXGroup section */

/* Begin PBXNativeTarget section */
		AF2582CD1D8294A400F1B496 /* HandyCipher */ = {
			isa = PBXNativeTarget;
			buildConfigurationList = AF2582D51D8294A400F1B496 /* Build configuration list for PBXNativeTarget "HandyCipher" */;
			buildPhases = (
				AF2582CA1D8294A400F1B496 /* Sources */,
				AF2582CB1D8294A400F1B496 /* Frameworks */,
				AF2582CC1D8294A400F1B496 /* CopyFiles */,
			);
			buildRules = (
			);
			dependencies = (
			);
			name = HandyCipher;
			productName = HandyCipher;
			productReference = AF2582CE1D8294A400F1B496 /* HandyCipher */;
			productType = "com.apple.product-type.tool";
		};
/* End PBXNativeTarget section */

/* Begin PBXProject section */
		AF2582C61D8294A400F1B496 /* Project object */ = {
			isa = PBXProject;
			attributes = {
				LastUpgradeCheck = 0730;
				ORGANIZATIONNAME = "Bobby Jap, Ravee Khandagale";
				TargetAttributes = {
					AF2582CD1D8294A400F1B496 = {
						CreatedOnToolsVersion = 7.3.1;
					};
				};
			};
			buildConfigurationList = AF2582C91D8294A400F1B496 /* Build configuration list for PBXProject "HandyCipher" */;
			compatibilityVersion = "Xcode 3.2";
			developmentRegion = English;
			hasScannedForEncodings = 0;
			knownRegions = (
				en,
			);
			mainGroup = AF2582C51D8294A400F1B496;
			productRefGroup = AF2582CF1D8294A400F1B496 /* Products */;
			projectDirPath = "";
			projectRoot = "";
			targets = (
				AF2582CD1D8294A400F1B496 /* HandyCipher */,
			);
		};
/* End PBXProject section */

/* Begin PBXSourcesBuildPhase section */
		AF2582CA1D8294A400F1B496 /* Sources */ = {
			isa = PBXSourcesBuildPhase;
			buildActionMask = 2147483647;
			files = (
				AF2582E61D87B43400F1B496 /* HCCracker.c in Sources */,
				AF2582F01D8FC27A00F1B496 /* HCKeyGen.c in Sources */,
				AF2582D21D8294A400F1B496 /* main.c in Sources */,
				AF2582DA1D87B0D800F1B496 /* HandyCypher.c in Sources */,
			);
			runOnlyForDeploymentPostprocessing = 0;
		};
/* End PBXSourcesBuildPhase section */

/* Begin XCBuildConfiguration section */
		AF2582D31D8294A400F1B496 /* Debug */ = {
			isa = XCBuildConfiguration;
			buildSettings = {
				ALWAYS_SEARCH_USER_PATHS = NO;
				CLANG_ANALYZER_NONNULL = YES;
				CLANG_CXX_LANGUAGE_STANDARD = "gnu++0x";
				CLANG_CXX_LIBRARY = "libc++";
				CLANG_ENABLE_MODULES = YES;
				CLANG_ENABLE_OBJC_ARC = YES;
				CLANG_WARN_BOOL_CONVERSION = YES;
				CLANG_WARN_CONSTANT_CONVERSION = YES;
				CLANG_WARN_DIRECT_OBJC_ISA_USAGE = YES_ERROR;
				CLANG_WARN_EMPTY_BODY = YES;
				CLANG_WARN_ENUM_CONVERSION = YES;
				CLANG_WARN_INT_CONVERSION = YES;
				CLANG_WARN_OBJC_ROOT_CLASS = YES_ERROR;
				CLANG_WARN_UNREACHABLE_CODE = YES;
				CLANG_WARN__DUPLICATE_METHOD_MATCH = YES;
				CODE_SIGN_IDENTITY = "-";
				COPY_PHASE_STRIP = NO;
				DEBUG_INFORMATION_FORMAT = dwarf;
				ENABLE_STRICT_OBJC_MSGSEND = YES;
				ENABLE_TESTABILITY = YES;
				GCC_C_LANGUAGE_STANDARD = gnu99;
				GCC_DYNAMIC_NO_PIC = NO;
				GCC_NO_COMMON_BLOCKS = YES;
				GCC_OPTIMIZATION_LEVEL = 0;
				GCC_PREPROCESSOR_DEFINITIONS = (
					"DEBUG=1",
					"$(inherited)",
				);
				GCC_WARN_64_TO_32_BIT_CONVERSION = YES;
				GCC_WARN_ABOUT_RETURN_TYPE = YES_ERROR;
				GCC_WARN_UNDECLARED_SELECTOR = YES;
				GCC_WARN_UNINITIALIZED_AUTOS = YES_AGGRESSIVE;
				GCC_WARN_UNUSED_FUNCTION = YES;
				GCC_WARN_UNUSED_VARIABLE = YES;
				MACOSX_DEPLOYMENT_TARGET = 10.11;
				MTL_ENABLE_DEBUG_INFO = YES;
				ONLY_ACTIVE_ARCH = YES;
				SDKROOT = macosx;
			};
			name = Debug;
		};
		AF2582D41D8294A400F1B496 /* Release */ = {
			isa = XCBuildConfiguration;
			buildSettings = {
				ALWAYS_SEARCH_USER_PATHS = NO;
				CLANG_ANALYZER_NONNULL = YES;
				CLANG_CXX_LANGUAGE_STANDARD = "gnu++0x";
				CLANG_CXX_LIBRARY = "libc++";
				CLANG_ENABLE_MODULES = YES;
				CLANG_ENABLE_OBJC_ARC = YES;
				CLANG_WARN_BOOL_CONVERSION = YES;
				CLANG_WARN_CONSTANT_CONVERSION = YES;
				CLANG_WARN_DIRECT_OBJC_ISA_USAGE = YES_ERROR;
				CLANG_WARN_EMPTY_BODY = YES;
				CLANG_WARN_ENUM_CONVERSION = YES;
				CLANG_WARN_INT_CONVERSION = YES;
				CLANG_WARN_OBJC_ROOT_CLASS = YES_ERROR;
				CLANG_WARN_UNREACHABLE_CODE = YES;
				CLANG_WARN__DUPLICATE_METHOD_MATCH = YES;
				CODE_SIGN_IDENTITY = "-";
				COPY_PHASE_STRIP = NO;
				DEBUG_INFORMATION_FORMAT = "dwarf-with-dsym";
				ENABLE_NS_ASSERTIONS = NO;
				ENABLE_STRICT_OBJC_MSGSEND = YES;
				GCC_C_LANGUAGE_STANDARD = gnu99;
				GCC_NO_COMMON_BLOCKS = YES;
				GCC_WARN_64_TO_32_BIT_CONVERSION = YES;
				GCC_WARN_ABOUT_RETURN_TYPE = YES_ERROR;
				GCC_WARN_UNDECLARED_SELECTOR = YES;
				GCC_WARN_UNINITIALIZED_AUTOS = YES_AGGRESSIVE;
				GCC_WARN_UNUSED_FUNCTION = YES;
				GCC_WARN_UNUSED_VARIABLE = YES;
				MACOSX_DEPLOYMENT_TARGET = 10.11;
				MTL_ENABLE_DEBUG_INFO = NO;
				SDKROOT = macosx;
			};
			name = Release;
		};
		AF2582D61D8294A400F1B496 /* Debug */ = {
			isa = XCBuildConfiguration;
			buildSettings = {
				PRODUCT_NAME = "$(TARGET_NAME)";
			};
			name = Debug;
		};
		AF2582D71D8294A400F1B496 /* Release */ = {
			isa = XCBuildConfiguration;
			buildSettings = {
				PRODUCT_NAME = "$(TARGET_NAME)";
			};
			name = Release;
		};
/* End XCBuildConfiguration section */

/* Begin XCConfigurationList section */
		AF2582C91D8294A400F1B496 /* Build configuration list for PBXProject "HandyCipher" */ = {
			isa = XCConfigurationList;
			buildConfigurations = (
				AF2582D31D8294A400F1B496 /* Debug */,
				AF2582D41D8294A400F1B496 /* Release */,
			);
			defaultConfigurationIsVisible = 0;
			defaultConfigurationName = Release;
		};
		AF2582D51D8294A400F1B496 /* Build configuration list for PBXNativeTarget "HandyCipher" */ = {
			isa = XCConfigurationList;
			buildConfigurations = (
				AF2582D61D8294A400F1B496 /* Debug */,
				AF2582D71D8294A400F1B496 /* Release */,
			);
			defaultConfigurationIsVisible = 0;
		};
/* End XCConfigurationList section */
	};
	rootObject = AF2582C61D8294A400F1B496 /* Project object */;
}
